// !$*UTF8*$!
{
	archiveVersion = 1;
	classes = {
	};
	objectVersion = 77;
	objects = {

/* Begin PBXBuildFile section */
		FDAE38B52F280DF30010FC04 /* DrawThingsClient in Frameworks */ = {isa = PBXBuildFile; productRef = FD31E3F02F1A0000003E0C4C /* DrawThingsClient */; };
/* End PBXBuildFile section */

/* Begin PBXContainerItemProxy section */
		FDA09D5C2F36EABE003D7DF0 /* PBXContainerItemProxy */ = {
			isa = PBXContainerItemProxy;
			containerPortal = FD31E3D02F184A4C003E0C4C /* Project object */;
			proxyType = 1;
			remoteGlobalIDString = FD31E3D72F184A4D003E0C4C;
			remoteInfo = DrawThingsStudio;
		};
/* End PBXContainerItemProxy section */

/* Begin PBXFileReference section */
		FD31E3D82F184A4D003E0C4C /* DrawThingsStudio.app */ = {isa = PBXFileReference; explicitFileType = wrapper.application; includeInIndex = 0; path = DrawThingsStudio.app; sourceTree = BUILT_PRODUCTS_DIR; };
		FDA09D562F36EABE003D7DF0 /* DrawThingsStudioUITests.xctest */ = {isa = PBXFileReference; explicitFileType = wrapper.cfbundle; includeInIndex = 0; path = DrawThingsStudioUITests.xctest; sourceTree = BUILT_PRODUCTS_DIR; };
/* End PBXFileReference section */

/* Begin PBXFileSystemSynchronizedRootGroup section */
		FD31E3DA2F184A4D003E0C4C /* DrawThingsStudio */ = {
			isa = PBXFileSystemSynchronizedRootGroup;
			path = DrawThingsStudio;
			sourceTree = "<group>";
		};
		FDA09D572F36EABE003D7DF0 /* DrawThingsStudioUITests */ = {
			isa = PBXFileSystemSynchronizedRootGroup;
			path = DrawThingsStudioUITests;
			sourceTree = "<group>";
		};
/* End PBXFileSystemSynchronizedRootGroup section */

/* Begin PBXFrameworksBuildPhase section */
		FD31E3D52F184A4D003E0C4C /* Frameworks */ = {
			isa = PBXFrameworksBuildPhase;
			buildActionMask = 2147483647;
			files = (
				FDAE38B52F280DF30010FC04 /* DrawThingsClient in Frameworks */,
			);
			runOnlyForDeploymentPostprocessing = 0;
		};
		FDA09D532F36EABE003D7DF0 /* Frameworks */ = {
			isa = PBXFrameworksBuildPhase;
			buildActionMask = 2147483647;
			files = (
			);
			runOnlyForDeploymentPostprocessing = 0;
		};
/* End PBXFrameworksBuildPhase section */

/* Begin PBXGroup section */
		FD31E3CF2F184A4C003E0C4C = {
			isa = PBXGroup;
			children = (
				FD31E3DA2F184A4D003E0C4C /* DrawThingsStudio */,
				FDA09D572F36EABE003D7DF0 /* DrawThingsStudioUITests */,
				FD31E3D92F184A4D003E0C4C /* Products */,
			);
			sourceTree = "<group>";
		};
		FD31E3D92F184A4D003E0C4C /* Products */ = {
			isa = PBXGroup;
			children = (
				FD31E3D82F184A4D003E0C4C /* DrawThingsStudio.app */,
				FDA09D562F36EABE003D7DF0 /* DrawThingsStudioUITests.xctest */,
			);
			name = Products;
			sourceTree = "<group>";
		};
/* End PBXGroup section */

/* Begin PBXNativeTarget section */
		FD31E3D72F184A4D003E0C4C /* DrawThingsStudio */ = {
			isa = PBXNativeTarget;
			buildConfigurationList = FD31E3E32F184A4E003E0C4C /* Build configuration list for PBXNativeTarget "DrawThingsStudio" */;
			buildPhases = (
				FD31E3D42F184A4D003E0C4C /* Sources */,
				FD31E3D52F184A4D003E0C4C /* Frameworks */,
				FD31E3D62F184A4D003E0C4C /* Resources */,
			);
			buildRules = (
			);
			dependencies = (
			);
			fileSystemSynchronizedGroups = (
				FD31E3DA2F184A4D003E0C4C /* DrawThingsStudio */,
			);
			name = DrawThingsStudio;
			packageProductDependencies = (
				FD31E3F02F1A0000003E0C4C /* DrawThingsClient */,
			);
			productName = DrawThingsStudio;
			productReference = FD31E3D82F184A4D003E0C4C /* DrawThingsStudio.app */;
			productType = "com.apple.product-type.application";
		};
		FDA09D552F36EABE003D7DF0 /* DrawThingsStudioUITests */ = {
			isa = PBXNativeTarget;
			buildConfigurationList = FDA09D602F36EABE003D7DF0 /* Build configuration list for PBXNativeTarget "DrawThingsStudioUITests" */;
			buildPhases = (
				FDA09D522F36EABE003D7DF0 /* Sources */,
				FDA09D532F36EABE003D7DF0 /* Frameworks */,
				FDA09D542F36EABE003D7DF0 /* Resources */,
			);
			buildRules = (
			);
			dependencies = (
				FDA09D5D2F36EABE003D7DF0 /* PBXTargetDependency */,
			);
			fileSystemSynchronizedGroups = (
				FDA09D572F36EABE003D7DF0 /* DrawThingsStudioUITests */,
			);
			name = DrawThingsStudioUITests;
			packageProductDependencies = (
			);
			productName = DrawThingsStudioUITests;
			productReference = FDA09D562F36EABE003D7DF0 /* DrawThingsStudioUITests.xctest */;
			productType = "com.apple.product-type.bundle.ui-testing";
		};
/* End PBXNativeTarget section */

/* Begin PBXProject section */
		FD31E3D02F184A4C003E0C4C /* Project object */ = {
			isa = PBXProject;
			attributes = {
				BuildIndependentTargetsInParallel = 1;
				LastSwiftUpdateCheck = 2620;
				LastUpgradeCheck = 2620;
				TargetAttributes = {
					FD31E3D72F184A4D003E0C4C = {
						CreatedOnToolsVersion = 26.2;
					};
					FDA09D552F36EABE003D7DF0 = {
						CreatedOnToolsVersion = 26.2;
						TestTargetID = FD31E3D72F184A4D003E0C4C;
					};
				};
			};
			buildConfigurationList = FD31E3D32F184A4C003E0C4C /* Build configuration list for PBXProject "DrawThingsStudio" */;
			developmentRegion = en;
			hasScannedForEncodings = 0;
			knownRegions = (
				en,
				Base,
			);
			mainGroup = FD31E3CF2F184A4C003E0C4C;
			minimizedProjectReferenceProxies = 1;
			packageReferences = (
				FD31E3EF2F1A0000003E0C4C /* XCRemoteSwiftPackageReference "DT-gRPC-Swift-Client" */,
			);
			preferredProjectObjectVersion = 77;
			productRefGroup = FD31E3D92F184A4D003E0C4C /* Products */;
			projectDirPath = "";
			projectRoot = "";
			targets = (
				FD31E3D72F184A4D003E0C4C /* DrawThingsStudio */,
				FDA09D552F36EABE003D7DF0 /* DrawThingsStudioUITests */,
			);
		};
/* End PBXProject section */

/* Begin PBXResourcesBuildPhase section */
		FD31E3D62F184A4D003E0C4C /* Resources */ = {
			isa = PBXResourcesBuildPhase;
			buildActionMask = 2147483647;
			files = (
			);
			runOnlyForDeploymentPostprocessing = 0;
		};
		FDA09D542F36EABE003D7DF0 /* Resources */ = {
			isa = PBXResourcesBuildPhase;
			buildActionMask = 2147483647;
			files = (
			);
			runOnlyForDeploymentPostprocessing = 0;
		};
/* End PBXResourcesBuildPhase section */

/* Begin PBXSourcesBuildPhase section */
		FD31E3D42F184A4D003E0C4C /* Sources */ = {
			isa = PBXSourcesBuildPhase;
			buildActionMask = 2147483647;
			files = (
			);
			runOnlyForDeploymentPostprocessing = 0;
		};
		FDA09D522F36EABE003D7DF0 /* Sources */ = {
			isa = PBXSourcesBuildPhase;
			buildActionMask = 2147483647;
			files = (
			);
			runOnlyForDeploymentPostprocessing = 0;
		};
/* End PBXSourcesBuildPhase section */

/* Begin PBXTargetDependency section */
		FDA09D5D2F36EABE003D7DF0 /* PBXTargetDependency */ = {
			isa = PBXTargetDependency;
			target = FD31E3D72F184A4D003E0C4C /* DrawThingsStudio */;
			targetProxy = FDA09D5C2F36EABE003D7DF0 /* PBXContainerItemProxy */;
		};
/* End PBXTargetDependency section */

/* Begin XCBuildConfiguration section */
		FD31E3E12F184A4E003E0C4C /* Debug */ = {
			isa = XCBuildConfiguration;
			buildSettings = {
				ALWAYS_SEARCH_USER_PATHS = NO;
				ASSETCATALOG_COMPILER_GENERATE_SWIFT_ASSET_SYMBOL_EXTENSIONS = YES;
				CLANG_ANALYZER_NONNULL = YES;
				CLANG_ANALYZER_NUMBER_OBJECT_CONVERSION = YES_AGGRESSIVE;
				CLANG_CXX_LANGUAGE_STANDARD = "gnu++20";
				CLANG_ENABLE_MODULES = YES;
				CLANG_ENABLE_OBJC_ARC = YES;
				CLANG_ENABLE_OBJC_WEAK = YES;
				CLANG_WARN_BLOCK_CAPTURE_AUTORELEASING = YES;
				CLANG_WARN_BOOL_CONVERSION = YES;
				CLANG_WARN_COMMA = YES;
				CLANG_WARN_CONSTANT_CONVERSION = YES;
				CLANG_WARN_DEPRECATED_OBJC_IMPLEMENTATIONS = YES;
				CLANG_WARN_DIRECT_OBJC_ISA_USAGE = YES_ERROR;
				CLANG_WARN_DOCUMENTATION_COMMENTS = YES;
				CLANG_WARN_EMPTY_BODY = YES;
				CLANG_WARN_ENUM_CONVERSION = YES;
				CLANG_WARN_INFINITE_RECURSION = YES;
				CLANG_WARN_INT_CONVERSION = YES;
				CLANG_WARN_NON_LITERAL_NULL_CONVERSION = YES;
				CLANG_WARN_OBJC_IMPLICIT_RETAIN_SELF = YES;
				CLANG_WARN_OBJC_LITERAL_CONVERSION = YES;
				CLANG_WARN_OBJC_ROOT_CLASS = YES_ERROR;
				CLANG_WARN_QUOTED_INCLUDE_IN_FRAMEWORK_HEADER = YES;
				CLANG_WARN_RANGE_LOOP_ANALYSIS = YES;
				CLANG_WARN_STRICT_PROTOTYPES = YES;
				CLANG_WARN_SUSPICIOUS_MOVE = YES;
				CLANG_WARN_UNGUARDED_AVAILABILITY = YES_AGGRESSIVE;
				CLANG_WARN_UNREACHABLE_CODE = YES;
				CLANG_WARN__DUPLICATE_METHOD_MATCH = YES;
				COPY_PHASE_STRIP = NO;
				DEBUG_INFORMATION_FORMAT = dwarf;
				ENABLE_STRICT_OBJC_MSGSEND = YES;
				ENABLE_TESTABILITY = YES;
				ENABLE_USER_SCRIPT_SANDBOXING = YES;
				GCC_C_LANGUAGE_STANDARD = gnu17;
				GCC_DYNAMIC_NO_PIC = NO;
				GCC_NO_COMMON_BLOCKS = YES;
				GCC_OPTIMIZATION_LEVEL = 0;
				GCC_PREPROCESSOR_DEFINITIONS = (
					"DEBUG=1",
					"$(inherited)",
				);
				GCC_WARN_64_TO_32_BIT_CONVERSION = YES;
				GCC_WARN_ABOUT_RETURN_TYPE = YES_ERROR;
				GCC_WARN_UNDECLARED_SELECTOR = YES;
				GCC_WARN_UNINITIALIZED_AUTOS = YES_AGGRESSIVE;
				GCC_WARN_UNUSED_FUNCTION = YES;
				GCC_WARN_UNUSED_VARIABLE = YES;
				LOCALIZATION_PREFERS_STRING_CATALOGS = YES;
				MACOSX_DEPLOYMENT_TARGET = 14.0;
				MTL_ENABLE_DEBUG_INFO = INCLUDE_SOURCE;
				MTL_FAST_MATH = YES;
				ONLY_ACTIVE_ARCH = YES;
				SDKROOT = macosx;
				SWIFT_ACTIVE_COMPILATION_CONDITIONS = "DEBUG $(inherited)";
				SWIFT_OPTIMIZATION_LEVEL = "-Onone";
			};
			name = Debug;
		};
		FD31E3E22F184A4E003E0C4C /* Release */ = {
			isa = XCBuildConfiguration;
			buildSettings = {
				ALWAYS_SEARCH_USER_PATHS = NO;
				ASSETCATALOG_COMPILER_GENERATE_SWIFT_ASSET_SYMBOL_EXTENSIONS = YES;
				CLANG_ANALYZER_NONNULL = YES;
				CLANG_ANALYZER_NUMBER_OBJECT_CONVERSION = YES_AGGRESSIVE;
				CLANG_CXX_LANGUAGE_STANDARD = "gnu++20";
				CLANG_ENABLE_MODULES = YES;
				CLANG_ENABLE_OBJC_ARC = YES;
				CLANG_ENABLE_OBJC_WEAK = YES;
				CLANG_WARN_BLOCK_CAPTURE_AUTORELEASING = YES;
				CLANG_WARN_BOOL_CONVERSION = YES;
				CLANG_WARN_COMMA = YES;
				CLANG_WARN_CONSTANT_CONVERSION = YES;
				CLANG_WARN_DEPRECATED_OBJC_IMPLEMENTATIONS = YES;
				CLANG_WARN_DIRECT_OBJC_ISA_USAGE = YES_ERROR;
				CLANG_WARN_DOCUMENTATION_COMMENTS = YES;
				CLANG_WARN_EMPTY_BODY = YES;
				CLANG_WARN_ENUM_CONVERSION = YES;
				CLANG_WARN_INFINITE_RECURSION = YES;
				CLANG_WARN_INT_CONVERSION = YES;
				CLANG_WARN_NON_LITERAL_NULL_CONVERSION = YES;
				CLANG_WARN_OBJC_IMPLICIT_RETAIN_SELF = YES;
				CLANG_WARN_OBJC_LITERAL_CONVERSION = YES;
				CLANG_WARN_OBJC_ROOT_CLASS = YES_ERROR;
				CLANG_WARN_QUOTED_INCLUDE_IN_FRAMEWORK_HEADER = YES;
				CLANG_WARN_RANGE_LOOP_ANALYSIS = YES;
				CLANG_WARN_STRICT_PROTOTYPES = YES;
				CLANG_WARN_SUSPICIOUS_MOVE = YES;
				CLANG_WARN_UNGUARDED_AVAILABILITY = YES_AGGRESSIVE;
				CLANG_WARN_UNREACHABLE_CODE = YES;
				CLANG_WARN__DUPLICATE_METHOD_MATCH = YES;
				COPY_PHASE_STRIP = NO;
				DEBUG_INFORMATION_FORMAT = "dwarf-with-dsym";
				ENABLE_NS_ASSERTIONS = NO;
				ENABLE_STRICT_OBJC_MSGSEND = YES;
				ENABLE_USER_SCRIPT_SANDBOXING = YES;
				GCC_C_LANGUAGE_STANDARD = gnu17;
				GCC_NO_COMMON_BLOCKS = YES;
				GCC_WARN_64_TO_32_BIT_CONVERSION = YES;
				GCC_WARN_ABOUT_RETURN_TYPE = YES_ERROR;
				GCC_WARN_UNDECLARED_SELECTOR = YES;
				GCC_WARN_UNINITIALIZED_AUTOS = YES_AGGRESSIVE;
				GCC_WARN_UNUSED_FUNCTION = YES;
				GCC_WARN_UNUSED_VARIABLE = YES;
				LOCALIZATION_PREFERS_STRING_CATALOGS = YES;
				MACOSX_DEPLOYMENT_TARGET = 14.0;
				MTL_ENABLE_DEBUG_INFO = NO;
				MTL_FAST_MATH = YES;
				ARCHS = "arm64 x86_64";
				ONLY_ACTIVE_ARCH = NO;
				SDKROOT = macosx;
				SWIFT_COMPILATION_MODE = wholemodule;
			};
			name = Release;
		};
		FD31E3E42F184A4E003E0C4C /* Debug */ = {
			isa = XCBuildConfiguration;
			buildSettings = {
				ASSETCATALOG_COMPILER_APPICON_NAME = AppIcon;
				ASSETCATALOG_COMPILER_GLOBAL_ACCENT_COLOR_NAME = AccentColor;
				CODE_SIGN_ENTITLEMENTS = DrawThingsStudio/DrawThingsStudio.entitlements;
				CODE_SIGN_STYLE = Automatic;
				COMBINE_HIDPI_IMAGES = YES;
				CURRENT_PROJECT_VERSION = 1;
				ENABLE_APP_SANDBOX = YES;
				ENABLE_HARDENED_RUNTIME = YES;
				ENABLE_PREVIEWS = YES;
				ENABLE_USER_SELECTED_FILES = readonly;
				HEADER_SEARCH_PATHS = "$(SRCROOT)/DrawThingsStudio/fpzip";
				INFOPLIST_FILE = DrawThingsStudio/Info.plist;
				LD_RUNPATH_SEARCH_PATHS = (
					"$(inherited)",
					"@executable_path/../Frameworks",
				);
				MACOSX_DEPLOYMENT_TARGET = 14.0;
				MARKETING_VERSION = 0.7.5.2;
				PRODUCT_BUNDLE_IDENTIFIER = tanque.org.DrawThingsStudio;
				PRODUCT_NAME = "$(TARGET_NAME)";
				REGISTER_APP_GROUPS = YES;
				STRING_CATALOG_GENERATE_SYMBOLS = YES;
				SWIFT_APPROACHABLE_CONCURRENCY = YES;
				SWIFT_DEFAULT_ACTOR_ISOLATION = MainActor;
				SWIFT_EMIT_LOC_STRINGS = YES;
				SWIFT_OBJC_BRIDGING_HEADER = "DrawThingsStudio/DrawThingsStudio-Bridging-Header.h";
				SWIFT_UPCOMING_FEATURE_MEMBER_IMPORT_VISIBILITY = YES;
				SWIFT_VERSION = 5.0;
			};
			name = Debug;
		};
		FD31E3E52F184A4E003E0C4C /* Release */ = {
			isa = XCBuildConfiguration;
			buildSettings = {
				ARCHS = "arm64 x86_64";
				ASSETCATALOG_COMPILER_APPICON_NAME = AppIcon;
				ASSETCATALOG_COMPILER_GLOBAL_ACCENT_COLOR_NAME = AccentColor;
				CODE_SIGN_ENTITLEMENTS = DrawThingsStudio/DrawThingsStudio.entitlements;
				CODE_SIGN_STYLE = Automatic;
				COMBINE_HIDPI_IMAGES = YES;
				CURRENT_PROJECT_VERSION = 1;
				ENABLE_APP_SANDBOX = YES;
				ENABLE_HARDENED_RUNTIME = YES;
				ENABLE_PREVIEWS = YES;
				ENABLE_USER_SELECTED_FILES = readonly;
				HEADER_SEARCH_PATHS = "$(SRCROOT)/DrawThingsStudio/fpzip";
				INFOPLIST_FILE = DrawThingsStudio/Info.plist;
				LD_RUNPATH_SEARCH_PATHS = (
					"$(inherited)",
					"@executable_path/../Frameworks",
				);
				MACOSX_DEPLOYMENT_TARGET = 14.0;
				MARKETING_VERSION = 0.7.5.2;
				PRODUCT_BUNDLE_IDENTIFIER = tanque.org.DrawThingsStudio;
				PRODUCT_NAME = "$(TARGET_NAME)";
				REGISTER_APP_GROUPS = YES;
				STRING_CATALOG_GENERATE_SYMBOLS = YES;
				SWIFT_APPROACHABLE_CONCURRENCY = YES;
				SWIFT_DEFAULT_ACTOR_ISOLATION = MainActor;
				SWIFT_EMIT_LOC_STRINGS = YES;
				SWIFT_OBJC_BRIDGING_HEADER = "DrawThingsStudio/DrawThingsStudio-Bridging-Header.h";
				SWIFT_UPCOMING_FEATURE_MEMBER_IMPORT_VISIBILITY = YES;
				SWIFT_VERSION = 5.0;
			};
			name = Release;
		};
		FDA09D5E2F36EABE003D7DF0 /* Debug */ = {
			isa = XCBuildConfiguration;
			buildSettings = {
				CODE_SIGN_STYLE = Automatic;
				CURRENT_PROJECT_VERSION = 1;
				GENERATE_INFOPLIST_FILE = YES;
				MARKETING_VERSION = 0.7.5.2;
				PRODUCT_BUNDLE_IDENTIFIER = tanque.org.DrawThingsStudioUITests;
				PRODUCT_NAME = "$(TARGET_NAME)";
				STRING_CATALOG_GENERATE_SYMBOLS = NO;
				SWIFT_APPROACHABLE_CONCURRENCY = YES;
				SWIFT_EMIT_LOC_STRINGS = NO;
				SWIFT_UPCOMING_FEATURE_MEMBER_IMPORT_VISIBILITY = YES;
				SWIFT_VERSION = 5.0;
				TEST_TARGET_NAME = DrawThingsStudio;
			};
			name = Debug;
		};
		FDA09D5F2F36EABE003D7DF0 /* Release */ = {
			isa = XCBuildConfiguration;
			buildSettings = {
				CODE_SIGN_STYLE = Automatic;
				CURRENT_PROJECT_VERSION = 1;
				GENERATE_INFOPLIST_FILE = YES;
				MARKETING_VERSION = 0.7.5.2;
				PRODUCT_BUNDLE_IDENTIFIER = tanque.org.DrawThingsStudioUITests;
				PRODUCT_NAME = "$(TARGET_NAME)";
				STRING_CATALOG_GENERATE_SYMBOLS = NO;
				SWIFT_APPROACHABLE_CONCURRENCY = YES;
				SWIFT_EMIT_LOC_STRINGS = NO;
				SWIFT_UPCOMING_FEATURE_MEMBER_IMPORT_VISIBILITY = YES;
				SWIFT_VERSION = 5.0;
				TEST_TARGET_NAME = DrawThingsStudio;
			};
			name = Release;
		};
/* End XCBuildConfiguration section */

/* Begin XCConfigurationList section */
		FD31E3D32F184A4C003E0C4C /* Build configuration list for PBXProject "DrawThingsStudio" */ = {
			isa = XCConfigurationList;
			buildConfigurations = (
				FD31E3E12F184A4E003E0C4C /* Debug */,
				FD31E3E22F184A4E003E0C4C /* Release */,
			);
			defaultConfigurationIsVisible = 0;
			defaultConfigurationName = Release;
		};
		FD31E3E32F184A4E003E0C4C /* Build configuration list for PBXNativeTarget "DrawThingsStudio" */ = {
			isa = XCConfigurationList;
			buildConfigurations = (
				FD31E3E42F184A4E003E0C4C /* Debug */,
				FD31E3E52F184A4E003E0C4C /* Release */,
			);
			defaultConfigurationIsVisible = 0;
			defaultConfigurationName = Release;
		};
		FDA09D602F36EABE003D7DF0 /* Build configuration list for PBXNativeTarget "DrawThingsStudioUITests" */ = {
			isa = XCConfigurationList;
			buildConfigurations = (
				FDA09D5E2F36EABE003D7DF0 /* Debug */,
				FDA09D5F2F36EABE003D7DF0 /* Release */,
			);
			defaultConfigurationIsVisible = 0;
			defaultConfigurationName = Release;
		};
/* End XCConfigurationList section */

/* Begin XCRemoteSwiftPackageReference section */
		FD31E3EF2F1A0000003E0C4C /* XCRemoteSwiftPackageReference "DT-gRPC-Swift-Client" */ = {
			isa = XCRemoteSwiftPackageReference;
			repositoryURL = "https://github.com/euphoriacyberware-ai/DT-gRPC-Swift-Client.git";
			requirement = {
				kind = revision;
				revision = 17ed119b2afd010f647803928ed27a2b3bd30ea0;
			};
		};
/* End XCRemoteSwiftPackageReference section */

/* Begin XCSwiftPackageProductDependency section */
		FD31E3F02F1A0000003E0C4C /* DrawThingsClient */ = {
			isa = XCSwiftPackageProductDependency;
			package = FD31E3EF2F1A0000003E0C4C /* XCRemoteSwiftPackageReference "DT-gRPC-Swift-Client" */;
			productName = DrawThingsClient;
		};
/* End XCSwiftPackageProductDependency section */
	};
	rootObject = FD31E3D02F184A4C003E0C4C /* Project object */;
}
